
Microsoft Visual Studio Solution File, Format Version 12.00
# Visual Studio Version 17
VisualStudioVersion = 17.7.34009.444
MinimumVisualStudioVersion = 10.0.40219.1
Project("{9A19103F-16F7-4668-BE54-9A1E7A4F7556}") = "CameraManager", "CameraManager\CameraManager.csproj", "{4ADE4705-79E1-430B-A1D6-6CED321916A2}"
EndProject
Project("{9A19103F-16F7-4668-BE54-9A1E7A4F7556}") = "CameraControlAPI", "CameraControlAPI\CameraControlAPI.csproj", "{0DECAF9A-F6FB-4BBF-B40B-85F29E97FF5D}"
EndProject
Global
	GlobalSection(SolutionConfigurationPlatforms) = preSolution
		Debug|Any CPU = Debug|Any CPU
		Release|Any CPU = Release|Any CPU
	EndGlobalSection
	GlobalSection(ProjectConfigurationPlatforms) = postSolution
		{4ADE4705-79E1-430B-A1D6-6CED321916A2}.Debug|Any CPU.ActiveCfg = Debug|Any CPU
		{4ADE4705-79E1-430B-A1D6-6CED321916A2}.Debug|Any CPU.Build.0 = Debug|Any CPU
		{4ADE4705-79E1-430B-A1D6-6CED321916A2}.Release|Any CPU.ActiveCfg = Release|Any CPU
		{4ADE4705-79E1-430B-A1D6-6CED321916A2}.Release|Any CPU.Build.0 = Release|Any CPU
		{0DECAF9A-F6FB-4BBF-B40B-85F29E97FF5D}.Debug|Any CPU.ActiveCfg = Debug|Any CPU
		{0DECAF9A-F6FB-4BBF-B40B-85F29E97FF5D}.Debug|Any CPU.Build.0 = Debug|Any CPU
		{0DECAF9A-F6FB-4BBF-B40B-85F29E97FF5D}.Release|Any CPU.ActiveCfg = Release|Any CPU
		{0DECAF9A-F6FB-4BBF-B40B-85F29E97FF5D}.Release|Any CPU.Build.0 = Release|Any CPU
	EndGlobalSection
	GlobalSection(SolutionProperties) = preSolution
		HideSolutionNode = FALSE
	EndGlobalSection
	GlobalSection(ExtensibilityGlobals) = postSolution
		SolutionGuid = {538D4078-91B6-4BEC-87BC-1CAEBBDBFE55}
	EndGlobalSection
EndGlobal
